<?xml version="1.0" encoding="UTF-8" standalone="yes" ?>
<CodeBlocks_project_file>
	<FileVersion major="1" minor="6" />
	<Project>
		<Option title="middle_list" />
		<Option pch_mode="2" />
		<Option compiler="gcc" />
		<Build>
			<Target title="Debug">
				<Option output="bin/Debug/middle_list" prefix_auto="1" extension_auto="1" />
				<Option object_output="obj/Debug/" />
				<Option type="1" />
				<Option compiler="gcc" />
				<Compiler>
					<Add option="-g" />
				</Compiler>
			</Target>
			<Target title="Release">
				<Option output="bin/Release/middle_list" prefix_auto="1" extension_auto="1" />
				<Option object_output="obj/Release/" />
				<Option type="1" />
				<Option compiler="gcc" />
				<Compiler>
					<Add option="-O2" />
				</Compiler>
				<Linker>
					<Add option="-s" />
				</Linker>
			</Target>
		</Build>
		<Compiler>
			<Add option="-Wall" />
			<Add option="-fexceptions" />
		</Compiler>
		<Unit filename="addons.cpp" />
		<Unit filename="itc_join.cpp" />
		<Unit filename="itc_odd_even_analysis_lst.cpp" />
		<Unit filename="itc_odd_even_separator_lst.cpp" />
		<Unit filename="itc_pos_neg_analysis_lst.cpp" />
		<Unit filename="itc_pos_neg_separator_lst.cpp" />
		<Unit filename="itc_rmstrchar.cpp" />
		<Unit filename="itc_rmstrspc.cpp" />
		<Unit filename="itc_strtlist.cpp" />
		<Unit filename="itc_sum_even_lst.cpp" />
		<Unit filename="itc_sum_even_part_lst.cpp" />
		<Unit filename="itc_sumlst.cpp" />
		<Unit filename="main.cpp" />
		<Unit filename="middle_list.h" />
		<Extensions />
	</Project>
</CodeBlocks_project_file>
